// !$*UTF8*$!
{
	archiveVersion = 1;
	classes = {
	};
	objectVersion = 56;
	objects = {

/* Begin PBXBuildFile section */
		106ED8F82993675500181585 /* B2F_SwiftUI_ExampleApp.swift in Sources */ = {isa = PBXBuildFile; fileRef = 106ED8F72993675500181585 /* B2F_SwiftUI_ExampleApp.swift */; };
		106ED8FC2993675700181585 /* Assets.xcassets in Resources */ = {isa = PBXBuildFile; fileRef = 106ED8FB2993675700181585 /* Assets.xcassets */; };
		106ED8FF2993675700181585 /* Preview Assets.xcassets in Resources */ = {isa = PBXBuildFile; fileRef = 106ED8FE2993675700181585 /* Preview Assets.xcassets */; };
		106ED9B4299611A400181585 /* BGWebView.swift in Sources */ = {isa = PBXBuildFile; fileRef = 106ED9B2299611A400181585 /* BGWebView.swift */; };
		106ED9B5299611A400181585 /* BGWebViewConfiguration.swift in Sources */ = {isa = PBXBuildFile; fileRef = 106ED9B3299611A400181585 /* BGWebViewConfiguration.swift */; };
		106ED9BB299611B500181585 /* index.html in Resources */ = {isa = PBXBuildFile; fileRef = 106ED9B7299611B500181585 /* index.html */; };
		106ED9BC299611B500181585 /* index.js in Resources */ = {isa = PBXBuildFile; fileRef = 106ED9B8299611B500181585 /* index.js */; };
		106ED9BD299611B500181585 /* body-scanner.js in Resources */ = {isa = PBXBuildFile; fileRef = 106ED9B9299611B500181585 /* body-scanner.js */; };
		106ED9BE299611B500181585 /* style.css in Resources */ = {isa = PBXBuildFile; fileRef = 106ED9BA299611B500181585 /* style.css */; };
/* End PBXBuildFile section */

/* Begin PBXFileReference section */
		106ED8F42993675500181585 /* B2F-SwiftUI-Example.app */ = {isa = PBXFileReference; explicitFileType = wrapper.application; includeInIndex = 0; path = "B2F-SwiftUI-Example.app"; sourceTree = BUILT_PRODUCTS_DIR; };
		106ED8F72993675500181585 /* B2F_SwiftUI_ExampleApp.swift */ = {isa = PBXFileReference; lastKnownFileType = sourcecode.swift; path = B2F_SwiftUI_ExampleApp.swift; sourceTree = "<group>"; };
		106ED8FB2993675700181585 /* Assets.xcassets */ = {isa = PBXFileReference; lastKnownFileType = folder.assetcatalog; path = Assets.xcassets; sourceTree = "<group>"; };
		106ED8FE2993675700181585 /* Preview Assets.xcassets */ = {isa = PBXFileReference; lastKnownFileType = folder.assetcatalog; path = "Preview Assets.xcassets"; sourceTree = "<group>"; };
		106ED91129949BB300181585 /* Info.plist */ = {isa = PBXFileReference; lastKnownFileType = text.plist; path = Info.plist; sourceTree = "<group>"; };
		106ED9B2299611A400181585 /* BGWebView.swift */ = {isa = PBXFileReference; fileEncoding = 4; lastKnownFileType = sourcecode.swift; path = BGWebView.swift; sourceTree = "<group>"; };
		106ED9B3299611A400181585 /* BGWebViewConfiguration.swift */ = {isa = PBXFileReference; fileEncoding = 4; lastKnownFileType = sourcecode.swift; path = BGWebViewConfiguration.swift; sourceTree = "<group>"; };
		106ED9B7299611B500181585 /* index.html */ = {isa = PBXFileReference; fileEncoding = 4; lastKnownFileType = text.html; path = index.html; sourceTree = "<group>"; };
		106ED9B8299611B500181585 /* index.js */ = {isa = PBXFileReference; fileEncoding = 4; lastKnownFileType = sourcecode.javascript; path = index.js; sourceTree = "<group>"; };
		106ED9B9299611B500181585 /* body-scanner.js */ = {isa = PBXFileReference; fileEncoding = 4; lastKnownFileType = sourcecode.javascript; path = "body-scanner.js"; sourceTree = "<group>"; };
		106ED9BA299611B500181585 /* style.css */ = {isa = PBXFileReference; fileEncoding = 4; lastKnownFileType = text.css; path = style.css; sourceTree = "<group>"; };
/* End PBXFileReference section */

/* Begin PBXFrameworksBuildPhase section */
		106ED8F12993675500181585 /* Frameworks */ = {
			isa = PBXFrameworksBuildPhase;
			buildActionMask = 2147483647;
			files = (
			);
			runOnlyForDeploymentPostprocessing = 0;
		};
/* End PBXFrameworksBuildPhase section */

/* Begin PBXGroup section */
		106ED8EB2993675500181585 = {
			isa = PBXGroup;
			children = (
				106ED8F62993675500181585 /* B2F-SwiftUI-Example */,
				106ED8F52993675500181585 /* Products */,
			);
			sourceTree = "<group>";
		};
		106ED8F52993675500181585 /* Products */ = {
			isa = PBXGroup;
			children = (
				106ED8F42993675500181585 /* B2F-SwiftUI-Example.app */,
			);
			name = Products;
			sourceTree = "<group>";
		};
		106ED8F62993675500181585 /* B2F-SwiftUI-Example */ = {
			isa = PBXGroup;
			children = (
				106ED91129949BB300181585 /* Info.plist */,
				106ED8F72993675500181585 /* B2F_SwiftUI_ExampleApp.swift */,
				106ED9B1299611A400181585 /* swift */,
				106ED9B6299611B500181585 /* www */,
				106ED8FB2993675700181585 /* Assets.xcassets */,
				106ED8FD2993675700181585 /* Preview Content */,
			);
			path = "B2F-SwiftUI-Example";
			sourceTree = "<group>";
		};
		106ED8FD2993675700181585 /* Preview Content */ = {
			isa = PBXGroup;
			children = (
				106ED8FE2993675700181585 /* Preview Assets.xcassets */,
			);
			path = "Preview Content";
			sourceTree = "<group>";
		};
		106ED9B1299611A400181585 /* swift */ = {
			isa = PBXGroup;
			children = (
				106ED9B2299611A400181585 /* BGWebView.swift */,
				106ED9B3299611A400181585 /* BGWebViewConfiguration.swift */,
			);
			name = swift;
			path = ../../common/swift;
			sourceTree = "<group>";
		};
		106ED9B6299611B500181585 /* www */ = {
			isa = PBXGroup;
			children = (
				106ED9B7299611B500181585 /* index.html */,
				106ED9B8299611B500181585 /* index.js */,
				106ED9B9299611B500181585 /* body-scanner.js */,
				106ED9BA299611B500181585 /* style.css */,
			);
			name = www;
			path = ../../common/www;
			sourceTree = "<group>";
		};
/* End PBXGroup section */

/* Begin PBXNativeTarget section */
		106ED8F32993675500181585 /* B2F-SwiftUI-Example */ = {
			isa = PBXNativeTarget;
			buildConfigurationList = 106ED9022993675700181585 /* Build configuration list for PBXNativeTarget "B2F-SwiftUI-Example" */;
			buildPhases = (
				106ED8F02993675500181585 /* Sources */,
				106ED8F12993675500181585 /* Frameworks */,
				106ED8F22993675500181585 /* Resources */,
			);
			buildRules = (
			);
			dependencies = (
			);
			name = "B2F-SwiftUI-Example";
			productName = "B2F-SwiftUI-Example";
			productReference = 106ED8F42993675500181585 /* B2F-SwiftUI-Example.app */;
			productType = "com.apple.product-type.application";
		};
/* End PBXNativeTarget section */

/* Begin PBXProject section */
		106ED8EC2993675500181585 /* Project object */ = {
			isa = PBXProject;
			attributes = {
				BuildIndependentTargetsInParallel = 1;
				LastSwiftUpdateCheck = 1420;
				LastUpgradeCheck = 1420;
				TargetAttributes = {
					106ED8F32993675500181585 = {
						CreatedOnToolsVersion = 14.2;
					};
				};
			};
			buildConfigurationList = 106ED8EF2993675500181585 /* Build configuration list for PBXProject "B2F-SwiftUI-Example" */;
			compatibilityVersion = "Xcode 14.0";
			developmentRegion = en;
			hasScannedForEncodings = 0;
			knownRegions = (
				en,
				Base,
			);
			mainGroup = 106ED8EB2993675500181585;
			productRefGroup = 106ED8F52993675500181585 /* Products */;
			projectDirPath = "";
			projectRoot = "";
			targets = (
				106ED8F32993675500181585 /* B2F-SwiftUI-Example */,
			);
		};
/* End PBXProject section */

/* Begin PBXResourcesBuildPhase section */
		106ED8F22993675500181585 /* Resources */ = {
			isa = PBXResourcesBuildPhase;
			buildActionMask = 2147483647;
			files = (
				106ED9BB299611B500181585 /* index.html in Resources */,
				106ED9BE299611B500181585 /* style.css in Resources */,
				106ED8FF2993675700181585 /* Preview Assets.xcassets in Resources */,
				106ED8FC2993675700181585 /* Assets.xcassets in Resources */,
				106ED9BD299611B500181585 /* body-scanner.js in Resources */,
				106ED9BC299611B500181585 /* index.js in Resources */,
			);
			runOnlyForDeploymentPostprocessing = 0;
		};
/* End PBXResourcesBuildPhase section */

/* Begin PBXSourcesBuildPhase section */
		106ED8F02993675500181585 /* Sources */ = {
			isa = PBXSourcesBuildPhase;
			buildActionMask = 2147483647;
			files = (
				106ED9B4299611A400181585 /* BGWebView.swift in Sources */,
				106ED8F82993675500181585 /* B2F_SwiftUI_ExampleApp.swift in Sources */,
				106ED9B5299611A400181585 /* BGWebViewConfiguration.swift in Sources */,
			);
			runOnlyForDeploymentPostprocessing = 0;
		};
/* End PBXSourcesBuildPhase section */

/* Begin XCBuildConfiguration section */
		106ED9002993675700181585 /* Debug */ = {
			isa = XCBuildConfiguration;
			buildSettings = {
				ALWAYS_SEARCH_USER_PATHS = NO;
				CLANG_ANALYZER_NONNULL = YES;
				CLANG_ANALYZER_NUMBER_OBJECT_CONVERSION = YES_AGGRESSIVE;
				CLANG_CXX_LANGUAGE_STANDARD = "gnu++20";
				CLANG_ENABLE_MODULES = YES;
				CLANG_ENABLE_OBJC_ARC = YES;
				CLANG_ENABLE_OBJC_WEAK = YES;
				CLANG_WARN_BLOCK_CAPTURE_AUTORELEASING = YES;
				CLANG_WARN_BOOL_CONVERSION = YES;
				CLANG_WARN_COMMA = YES;
				CLANG_WARN_CONSTANT_CONVERSION = YES;
				CLANG_WARN_DEPRECATED_OBJC_IMPLEMENTATIONS = YES;
				CLANG_WARN_DIRECT_OBJC_ISA_USAGE = YES_ERROR;
				CLANG_WARN_DOCUMENTATION_COMMENTS = YES;
				CLANG_WARN_EMPTY_BODY = YES;
				CLANG_WARN_ENUM_CONVERSION = YES;
				CLANG_WARN_INFINITE_RECURSION = YES;
				CLANG_WARN_INT_CONVERSION = YES;
				CLANG_WARN_NON_LITERAL_NULL_CONVERSION = YES;
				CLANG_WARN_OBJC_IMPLICIT_RETAIN_SELF = YES;
				CLANG_WARN_OBJC_LITERAL_CONVERSION = YES;
				CLANG_WARN_OBJC_ROOT_CLASS = YES_ERROR;
				CLANG_WARN_QUOTED_INCLUDE_IN_FRAMEWORK_HEADER = YES;
				CLANG_WARN_RANGE_LOOP_ANALYSIS = YES;
				CLANG_WARN_STRICT_PROTOTYPES = YES;
				CLANG_WARN_SUSPICIOUS_MOVE = YES;
				CLANG_WARN_UNGUARDED_AVAILABILITY = YES_AGGRESSIVE;
				CLANG_WARN_UNREACHABLE_CODE = YES;
				CLANG_WARN__DUPLICATE_METHOD_MATCH = YES;
				COPY_PHASE_STRIP = NO;
				DEBUG_INFORMATION_FORMAT = dwarf;
				ENABLE_STRICT_OBJC_MSGSEND = YES;
				ENABLE_TESTABILITY = YES;
				GCC_C_LANGUAGE_STANDARD = gnu11;
				GCC_DYNAMIC_NO_PIC = NO;
				GCC_NO_COMMON_BLOCKS = YES;
				GCC_OPTIMIZATION_LEVEL = 0;
				GCC_PREPROCESSOR_DEFINITIONS = (
					"DEBUG=1",
					"$(inherited)",
				);
				GCC_WARN_64_TO_32_BIT_CONVERSION = YES;
				GCC_WARN_ABOUT_RETURN_TYPE = YES_ERROR;
				GCC_WARN_UNDECLARED_SELECTOR = YES;
				GCC_WARN_UNINITIALIZED_AUTOS = YES_AGGRESSIVE;
				GCC_WARN_UNUSED_FUNCTION = YES;
				GCC_WARN_UNUSED_VARIABLE = YES;
				IPHONEOS_DEPLOYMENT_TARGET = 15.5;
				MTL_ENABLE_DEBUG_INFO = INCLUDE_SOURCE;
				MTL_FAST_MATH = YES;
				ONLY_ACTIVE_ARCH = YES;
				SDKROOT = iphoneos;
				SWIFT_ACTIVE_COMPILATION_CONDITIONS = DEBUG;
				SWIFT_OPTIMIZATION_LEVEL = "-Onone";
			};
			name = Debug;
		};
		106ED9012993675700181585 /* Release */ = {
			isa = XCBuildConfiguration;
			buildSettings = {
				ALWAYS_SEARCH_USER_PATHS = NO;
				CLANG_ANALYZER_NONNULL = YES;
				CLANG_ANALYZER_NUMBER_OBJECT_CONVERSION = YES_AGGRESSIVE;
				CLANG_CXX_LANGUAGE_STANDARD = "gnu++20";
				CLANG_ENABLE_MODULES = YES;
				CLANG_ENABLE_OBJC_ARC = YES;
				CLANG_ENABLE_OBJC_WEAK = YES;
				CLANG_WARN_BLOCK_CAPTURE_AUTORELEASING = YES;
				CLANG_WARN_BOOL_CONVERSION = YES;
				CLANG_WARN_COMMA = YES;
				CLANG_WARN_CONSTANT_CONVERSION = YES;
				CLANG_WARN_DEPRECATED_OBJC_IMPLEMENTATIONS = YES;
				CLANG_WARN_DIRECT_OBJC_ISA_USAGE = YES_ERROR;
				CLANG_WARN_DOCUMENTATION_COMMENTS = YES;
				CLANG_WARN_EMPTY_BODY = YES;
				CLANG_WARN_ENUM_CONVERSION = YES;
				CLANG_WARN_INFINITE_RECURSION = YES;
				CLANG_WARN_INT_CONVERSION = YES;
				CLANG_WARN_NON_LITERAL_NULL_CONVERSION = YES;
				CLANG_WARN_OBJC_IMPLICIT_RETAIN_SELF = YES;
				CLANG_WARN_OBJC_LITERAL_CONVERSION = YES;
				CLANG_WARN_OBJC_ROOT_CLASS = YES_ERROR;
				CLANG_WARN_QUOTED_INCLUDE_IN_FRAMEWORK_HEADER = YES;
				CLANG_WARN_RANGE_LOOP_ANALYSIS = YES;
				CLANG_WARN_STRICT_PROTOTYPES = YES;
				CLANG_WARN_SUSPICIOUS_MOVE = YES;
				CLANG_WARN_UNGUARDED_AVAILABILITY = YES_AGGRESSIVE;
				CLANG_WARN_UNREACHABLE_CODE = YES;
				CLANG_WARN__DUPLICATE_METHOD_MATCH = YES;
				COPY_PHASE_STRIP = NO;
				DEBUG_INFORMATION_FORMAT = "dwarf-with-dsym";
				ENABLE_NS_ASSERTIONS = NO;
				ENABLE_STRICT_OBJC_MSGSEND = YES;
				GCC_C_LANGUAGE_STANDARD = gnu11;
				GCC_NO_COMMON_BLOCKS = YES;
				GCC_WARN_64_TO_32_BIT_CONVERSION = YES;
				GCC_WARN_ABOUT_RETURN_TYPE = YES_ERROR;
				GCC_WARN_UNDECLARED_SELECTOR = YES;
				GCC_WARN_UNINITIALIZED_AUTOS = YES_AGGRESSIVE;
				GCC_WARN_UNUSED_FUNCTION = YES;
				GCC_WARN_UNUSED_VARIABLE = YES;
				IPHONEOS_DEPLOYMENT_TARGET = 15.5;
				MTL_ENABLE_DEBUG_INFO = NO;
				MTL_FAST_MATH = YES;
				SDKROOT = iphoneos;
				SWIFT_COMPILATION_MODE = wholemodule;
				SWIFT_OPTIMIZATION_LEVEL = "-O";
				VALIDATE_PRODUCT = YES;
			};
			name = Release;
		};
		106ED9032993675700181585 /* Debug */ = {
			isa = XCBuildConfiguration;
			buildSettings = {
				ASSETCATALOG_COMPILER_APPICON_NAME = AppIcon;
				ASSETCATALOG_COMPILER_GLOBAL_ACCENT_COLOR_NAME = AccentColor;
				CODE_SIGN_STYLE = Automatic;
				CURRENT_PROJECT_VERSION = 1;
				DEVELOPMENT_ASSET_PATHS = "\"B2F-SwiftUI-Example/Preview Content\"";
				DEVELOPMENT_TEAM = 26MMSN8MLU;
				ENABLE_PREVIEWS = YES;
				GENERATE_INFOPLIST_FILE = YES;
				INFOPLIST_FILE = "B2F-SwiftUI-Example/Info.plist";
				INFOPLIST_KEY_UIApplicationSceneManifest_Generation = YES;
				INFOPLIST_KEY_UIApplicationSupportsIndirectInputEvents = YES;
				INFOPLIST_KEY_UILaunchScreen_Generation = YES;
				INFOPLIST_KEY_UISupportedInterfaceOrientations_iPad = "UIInterfaceOrientationPortrait UIInterfaceOrientationPortraitUpsideDown UIInterfaceOrientationLandscapeLeft UIInterfaceOrientationLandscapeRight";
				INFOPLIST_KEY_UISupportedInterfaceOrientations_iPhone = "UIInterfaceOrientationPortrait UIInterfaceOrientationLandscapeLeft UIInterfaceOrientationLandscapeRight";
				LD_RUNPATH_SEARCH_PATHS = (
					"$(inherited)",
					"@executable_path/Frameworks",
				);
				MARKETING_VERSION = 1.0;
				PRODUCT_BUNDLE_IDENTIFIER = "com.bodygram.B2F-SwiftUI-Example";
				PRODUCT_NAME = "$(TARGET_NAME)";
				SWIFT_EMIT_LOC_STRINGS = YES;
				SWIFT_VERSION = 5.0;
				TARGETED_DEVICE_FAMILY = "1,2";
			};
			name = Debug;
		};
		106ED9042993675700181585 /* Release */ = {
			isa = XCBuildConfiguration;
			buildSettings = {
				ASSETCATALOG_COMPILER_APPICON_NAME = AppIcon;
				ASSETCATALOG_COMPILER_GLOBAL_ACCENT_COLOR_NAME = AccentColor;
				CODE_SIGN_STYLE = Automatic;
				CURRENT_PROJECT_VERSION = 1;
				DEVELOPMENT_ASSET_PATHS = "\"B2F-SwiftUI-Example/Preview Content\"";
				DEVELOPMENT_TEAM = 26MMSN8MLU;
				ENABLE_PREVIEWS = YES;
				GENERATE_INFOPLIST_FILE = YES;
				INFOPLIST_FILE = "B2F-SwiftUI-Example/Info.plist";
				INFOPLIST_KEY_UIApplicationSceneManifest_Generation = YES;
				INFOPLIST_KEY_UIApplicationSupportsIndirectInputEvents = YES;
				INFOPLIST_KEY_UILaunchScreen_Generation = YES;
				INFOPLIST_KEY_UISupportedInterfaceOrientations_iPad = "UIInterfaceOrientationPortrait UIInterfaceOrientationPortraitUpsideDown UIInterfaceOrientationLandscapeLeft UIInterfaceOrientationLandscapeRight";
				INFOPLIST_KEY_UISupportedInterfaceOrientations_iPhone = "UIInterfaceOrientationPortrait UIInterfaceOrientationLandscapeLeft UIInterfaceOrientationLandscapeRight";
				LD_RUNPATH_SEARCH_PATHS = (
					"$(inherited)",
					"@executable_path/Frameworks",
				);
				MARKETING_VERSION = 1.0;
				PRODUCT_BUNDLE_IDENTIFIER = "com.bodygram.B2F-SwiftUI-Example";
				PRODUCT_NAME = "$(TARGET_NAME)";
				SWIFT_EMIT_LOC_STRINGS = YES;
				SWIFT_VERSION = 5.0;
				TARGETED_DEVICE_FAMILY = "1,2";
			};
			name = Release;
		};
/* End XCBuildConfiguration section */

/* Begin XCConfigurationList section */
		106ED8EF2993675500181585 /* Build configuration list for PBXProject "B2F-SwiftUI-Example" */ = {
			isa = XCConfigurationList;
			buildConfigurations = (
				106ED9002993675700181585 /* Debug */,
				106ED9012993675700181585 /* Release */,
			);
			defaultConfigurationIsVisible = 0;
			defaultConfigurationName = Release;
		};
		106ED9022993675700181585 /* Build configuration list for PBXNativeTarget "B2F-SwiftUI-Example" */ = {
			isa = XCConfigurationList;
			buildConfigurations = (
				106ED9032993675700181585 /* Debug */,
				106ED9042993675700181585 /* Release */,
			);
			defaultConfigurationIsVisible = 0;
			defaultConfigurationName = Release;
		};
/* End XCConfigurationList section */
	};
	rootObject = 106ED8EC2993675500181585 /* Project object */;
}
